
Microsoft Visual Studio Solution File, Format Version 12.00
# Visual Studio Version 17
VisualStudioVersion = 17.1.32414.318
MinimumVisualStudioVersion = 10.0.40219.1
Project("{FAE04EC0-301F-11D3-BF4B-00C04F79EFBC}") = "OOP-L2", "OOP-L2.csproj", "{6889B2F3-03C8-4571-8ADA-A683B7394FA3}"
EndProject
Global
	GlobalSection(SolutionConfigurationPlatforms) = preSolution
		Debug|Any CPU = Debug|Any CPU
		Release|Any CPU = Release|Any CPU
	EndGlobalSection
	GlobalSection(ProjectConfigurationPlatforms) = postSolution
		{6889B2F3-03C8-4571-8ADA-A683B7394FA3}.Debug|Any CPU.ActiveCfg = Debug|Any CPU
		{6889B2F3-03C8-4571-8ADA-A683B7394FA3}.Debug|Any CPU.Build.0 = Debug|Any CPU
		{6889B2F3-03C8-4571-8ADA-A683B7394FA3}.Release|Any CPU.ActiveCfg = Release|Any CPU
		{6889B2F3-03C8-4571-8ADA-A683B7394FA3}.Release|Any CPU.Build.0 = Release|Any CPU
	EndGlobalSection
	GlobalSection(SolutionProperties) = preSolution
		HideSolutionNode = FALSE
	EndGlobalSection
	GlobalSection(ExtensibilityGlobals) = postSolution
		SolutionGuid = {AFE5A246-F716-422A-A24A-87C0D01BA294}
	EndGlobalSection
EndGlobal
